// !$*UTF8*$!
{
	archiveVersion = 1;
	classes = {
	};
	objectVersion = 56;
	objects = {

/* Begin PBXBuildFile section */
		CA2E8ED42C81848C00FD70DF /* AppDelegate.swift in Sources */ = {isa = PBXBuildFile; fileRef = CA2E8ED32C81848C00FD70DF /* AppDelegate.swift */; };
		CA2E8ED62C81848C00FD70DF /* SceneDelegate.swift in Sources */ = {isa = PBXBuildFile; fileRef = CA2E8ED52C81848C00FD70DF /* SceneDelegate.swift */; };
		CA2E8ED82C81848C00FD70DF /* ViewController.swift in Sources */ = {isa = PBXBuildFile; fileRef = CA2E8ED72C81848C00FD70DF /* ViewController.swift */; };
		CA2E8EDB2C81848C00FD70DF /* Base in Resources */ = {isa = PBXBuildFile; fileRef = CA2E8EDA2C81848C00FD70DF /* Base */; };
		CA2E8EDD2C81848D00FD70DF /* Assets.xcassets in Resources */ = {isa = PBXBuildFile; fileRef = CA2E8EDC2C81848D00FD70DF /* Assets.xcassets */; };
		CA2E8EE02C81848D00FD70DF /* Base in Resources */ = {isa = PBXBuildFile; fileRef = CA2E8EDF2C81848D00FD70DF /* Base */; };
		CA2E8EE82C84105B00FD70DF /* 2LoginViewController.swift in Sources */ = {isa = PBXBuildFile; fileRef = CA2E8EE72C84105B00FD70DF /* 2LoginViewController.swift */; };
		CA2E8EEA2C8410AB00FD70DF /* 1PaginaInicialViewController.swift in Sources */ = {isa = PBXBuildFile; fileRef = CA2E8EE92C8410AB00FD70DF /* 1PaginaInicialViewController.swift */; };
		CA2E8EF02C855C7200FD70DF /* 2_1LoginExitosoViewController.swift in Sources */ = {isa = PBXBuildFile; fileRef = CA2E8EEF2C855C7200FD70DF /* 2_1LoginExitosoViewController.swift */; };
		CA2E8EF22C855D5E00FD70DF /* createAccountUserViewController.swift in Sources */ = {isa = PBXBuildFile; fileRef = CA2E8EF12C855D5E00FD70DF /* createAccountUserViewController.swift */; };
		CA2E8EF42C85647900FD70DF /* createAccountAdminViewController.swift in Sources */ = {isa = PBXBuildFile; fileRef = CA2E8EF32C85647900FD70DF /* createAccountAdminViewController.swift */; };
		CA2E8EF62C85746400FD70DF /* successRegisteredUserViewController.swift in Sources */ = {isa = PBXBuildFile; fileRef = CA2E8EF52C85746400FD70DF /* successRegisteredUserViewController.swift */; };
		CA2E8EF82C85751800FD70DF /* sucessRegisteredAdminViewController.swift in Sources */ = {isa = PBXBuildFile; fileRef = CA2E8EF72C85751800FD70DF /* sucessRegisteredAdminViewController.swift */; };
		CA8C98A42C869C89000B96A3 /* ProjectAdminViewController.swift in Sources */ = {isa = PBXBuildFile; fileRef = CA8C98A32C869C89000B96A3 /* ProjectAdminViewController.swift */; };
		CA8C98A62C869D00000B96A3 /* ProjectUserViewController.swift in Sources */ = {isa = PBXBuildFile; fileRef = CA8C98A52C869D00000B96A3 /* ProjectUserViewController.swift */; };
		CA8C98A82C869F20000B96A3 /* addProjectAdminViewController.swift in Sources */ = {isa = PBXBuildFile; fileRef = CA8C98A72C869F20000B96A3 /* addProjectAdminViewController.swift */; };
		CAA46E942C85791A009CE6FF /* selectionProject1ViewController.swift in Sources */ = {isa = PBXBuildFile; fileRef = CAA46E932C85791A009CE6FF /* selectionProject1ViewController.swift */; };
		CAA46E962C857925009CE6FF /* selectionProject2ViewController.swift in Sources */ = {isa = PBXBuildFile; fileRef = CAA46E952C857925009CE6FF /* selectionProject2ViewController.swift */; };
		CAA46E982C857930009CE6FF /* selectionProject3ViewController.swift in Sources */ = {isa = PBXBuildFile; fileRef = CAA46E972C857930009CE6FF /* selectionProject3ViewController.swift */; };
		CAA46E9A2C85E34D009CE6FF /* globalFeedViewController.swift in Sources */ = {isa = PBXBuildFile; fileRef = CAA46E992C85E34D009CE6FF /* globalFeedViewController.swift */; };
		CAA46E9C2C85E359009CE6FF /* localFeedViewController.swift in Sources */ = {isa = PBXBuildFile; fileRef = CAA46E9B2C85E359009CE6FF /* localFeedViewController.swift */; };
		CAA46E9E2C863067009CE6FF /* uploadReportViewController.swift in Sources */ = {isa = PBXBuildFile; fileRef = CAA46E9D2C863067009CE6FF /* uploadReportViewController.swift */; };
		CAA46EA02C8634BB009CE6FF /* networkStateViewController.swift in Sources */ = {isa = PBXBuildFile; fileRef = CAA46E9F2C8634BB009CE6FF /* networkStateViewController.swift */; };
		CAA46EA22C8638C7009CE6FF /* userProfileViewController.swift in Sources */ = {isa = PBXBuildFile; fileRef = CAA46EA12C8638C7009CE6FF /* userProfileViewController.swift */; };
		CAA46EA42C8647D5009CE6FF /* openedProjectViewController.swift in Sources */ = {isa = PBXBuildFile; fileRef = CAA46EA32C8647D4009CE6FF /* openedProjectViewController.swift */; };
		CAA46EA62C864DD7009CE6FF /* openedProject2ViewController.swift in Sources */ = {isa = PBXBuildFile; fileRef = CAA46EA52C864DD7009CE6FF /* openedProject2ViewController.swift */; };
/* End PBXBuildFile section */

/* Begin PBXFileReference section */
		CA2E8ED02C81848C00FD70DF /* SKILIKET_Team7.app */ = {isa = PBXFileReference; explicitFileType = wrapper.application; includeInIndex = 0; path = SKILIKET_Team7.app; sourceTree = BUILT_PRODUCTS_DIR; };
		CA2E8ED32C81848C00FD70DF /* AppDelegate.swift */ = {isa = PBXFileReference; lastKnownFileType = sourcecode.swift; path = AppDelegate.swift; sourceTree = "<group>"; };
		CA2E8ED52C81848C00FD70DF /* SceneDelegate.swift */ = {isa = PBXFileReference; lastKnownFileType = sourcecode.swift; path = SceneDelegate.swift; sourceTree = "<group>"; };
		CA2E8ED72C81848C00FD70DF /* ViewController.swift */ = {isa = PBXFileReference; lastKnownFileType = sourcecode.swift; path = ViewController.swift; sourceTree = "<group>"; };
		CA2E8EDA2C81848C00FD70DF /* Base */ = {isa = PBXFileReference; lastKnownFileType = file.storyboard; name = Base; path = Base.lproj/Main.storyboard; sourceTree = "<group>"; };
		CA2E8EDC2C81848D00FD70DF /* Assets.xcassets */ = {isa = PBXFileReference; lastKnownFileType = folder.assetcatalog; path = Assets.xcassets; sourceTree = "<group>"; };
		CA2E8EDF2C81848D00FD70DF /* Base */ = {isa = PBXFileReference; lastKnownFileType = file.storyboard; name = Base; path = Base.lproj/LaunchScreen.storyboard; sourceTree = "<group>"; };
		CA2E8EE12C81848D00FD70DF /* Info.plist */ = {isa = PBXFileReference; lastKnownFileType = text.plist.xml; path = Info.plist; sourceTree = "<group>"; };
		CA2E8EE72C84105B00FD70DF /* 2LoginViewController.swift */ = {isa = PBXFileReference; lastKnownFileType = sourcecode.swift; path = 2LoginViewController.swift; sourceTree = "<group>"; };
		CA2E8EE92C8410AB00FD70DF /* 1PaginaInicialViewController.swift */ = {isa = PBXFileReference; lastKnownFileType = sourcecode.swift; path = 1PaginaInicialViewController.swift; sourceTree = "<group>"; };
		CA2E8EEF2C855C7200FD70DF /* 2_1LoginExitosoViewController.swift */ = {isa = PBXFileReference; lastKnownFileType = sourcecode.swift; path = 2_1LoginExitosoViewController.swift; sourceTree = "<group>"; };
		CA2E8EF12C855D5E00FD70DF /* createAccountUserViewController.swift */ = {isa = PBXFileReference; lastKnownFileType = sourcecode.swift; path = createAccountUserViewController.swift; sourceTree = "<group>"; };
		CA2E8EF32C85647900FD70DF /* createAccountAdminViewController.swift */ = {isa = PBXFileReference; lastKnownFileType = sourcecode.swift; path = createAccountAdminViewController.swift; sourceTree = "<group>"; };
		CA2E8EF52C85746400FD70DF /* successRegisteredUserViewController.swift */ = {isa = PBXFileReference; lastKnownFileType = sourcecode.swift; path = successRegisteredUserViewController.swift; sourceTree = "<group>"; };
		CA2E8EF72C85751800FD70DF /* sucessRegisteredAdminViewController.swift */ = {isa = PBXFileReference; lastKnownFileType = sourcecode.swift; path = sucessRegisteredAdminViewController.swift; sourceTree = "<group>"; };
		CA8C98A32C869C89000B96A3 /* ProjectAdminViewController.swift */ = {isa = PBXFileReference; lastKnownFileType = sourcecode.swift; path = ProjectAdminViewController.swift; sourceTree = "<group>"; };
		CA8C98A52C869D00000B96A3 /* ProjectUserViewController.swift */ = {isa = PBXFileReference; lastKnownFileType = sourcecode.swift; path = ProjectUserViewController.swift; sourceTree = "<group>"; };
		CA8C98A72C869F20000B96A3 /* addProjectAdminViewController.swift */ = {isa = PBXFileReference; lastKnownFileType = sourcecode.swift; path = addProjectAdminViewController.swift; sourceTree = "<group>"; };
		CAA46E932C85791A009CE6FF /* selectionProject1ViewController.swift */ = {isa = PBXFileReference; lastKnownFileType = sourcecode.swift; path = selectionProject1ViewController.swift; sourceTree = "<group>"; };
		CAA46E952C857925009CE6FF /* selectionProject2ViewController.swift */ = {isa = PBXFileReference; lastKnownFileType = sourcecode.swift; path = selectionProject2ViewController.swift; sourceTree = "<group>"; };
		CAA46E972C857930009CE6FF /* selectionProject3ViewController.swift */ = {isa = PBXFileReference; lastKnownFileType = sourcecode.swift; path = selectionProject3ViewController.swift; sourceTree = "<group>"; };
		CAA46E992C85E34D009CE6FF /* globalFeedViewController.swift */ = {isa = PBXFileReference; lastKnownFileType = sourcecode.swift; path = globalFeedViewController.swift; sourceTree = "<group>"; };
		CAA46E9B2C85E359009CE6FF /* localFeedViewController.swift */ = {isa = PBXFileReference; lastKnownFileType = sourcecode.swift; path = localFeedViewController.swift; sourceTree = "<group>"; };
		CAA46E9D2C863067009CE6FF /* uploadReportViewController.swift */ = {isa = PBXFileReference; lastKnownFileType = sourcecode.swift; path = uploadReportViewController.swift; sourceTree = "<group>"; };
		CAA46E9F2C8634BB009CE6FF /* networkStateViewController.swift */ = {isa = PBXFileReference; lastKnownFileType = sourcecode.swift; path = networkStateViewController.swift; sourceTree = "<group>"; };
		CAA46EA12C8638C7009CE6FF /* userProfileViewController.swift */ = {isa = PBXFileReference; lastKnownFileType = sourcecode.swift; path = userProfileViewController.swift; sourceTree = "<group>"; };
		CAA46EA32C8647D4009CE6FF /* openedProjectViewController.swift */ = {isa = PBXFileReference; lastKnownFileType = sourcecode.swift; path = openedProjectViewController.swift; sourceTree = "<group>"; };
		CAA46EA52C864DD7009CE6FF /* openedProject2ViewController.swift */ = {isa = PBXFileReference; lastKnownFileType = sourcecode.swift; path = openedProject2ViewController.swift; sourceTree = "<group>"; };
/* End PBXFileReference section */

/* Begin PBXFrameworksBuildPhase section */
		CA2E8ECD2C81848C00FD70DF /* Frameworks */ = {
			isa = PBXFrameworksBuildPhase;
			buildActionMask = 2147483647;
			files = (
			);
			runOnlyForDeploymentPostprocessing = 0;
		};
/* End PBXFrameworksBuildPhase section */

/* Begin PBXGroup section */
		CA2E8EC72C81848C00FD70DF = {
			isa = PBXGroup;
			children = (
				CA8C98A72C869F20000B96A3 /* addProjectAdminViewController.swift */,
				CAA46EA52C864DD7009CE6FF /* openedProject2ViewController.swift */,
				CAA46EA32C8647D4009CE6FF /* openedProjectViewController.swift */,
				CA2E8EF32C85647900FD70DF /* createAccountAdminViewController.swift */,
				CA2E8ED22C81848C00FD70DF /* SKILIKET_Team7 */,
				CA2E8ED12C81848C00FD70DF /* Products */,
			);
			sourceTree = "<group>";
		};
		CA2E8ED12C81848C00FD70DF /* Products */ = {
			isa = PBXGroup;
			children = (
				CA2E8ED02C81848C00FD70DF /* SKILIKET_Team7.app */,
			);
			name = Products;
			sourceTree = "<group>";
		};
		CA2E8ED22C81848C00FD70DF /* SKILIKET_Team7 */ = {
			isa = PBXGroup;
			children = (
				CA2E8ED32C81848C00FD70DF /* AppDelegate.swift */,
				CA2E8ED52C81848C00FD70DF /* SceneDelegate.swift */,
				CA2E8ED72C81848C00FD70DF /* ViewController.swift */,
				CA2E8ED92C81848C00FD70DF /* Main.storyboard */,
				CA8C98A52C869D00000B96A3 /* ProjectUserViewController.swift */,
				CA8C98A32C869C89000B96A3 /* ProjectAdminViewController.swift */,
				CAA46EA12C8638C7009CE6FF /* userProfileViewController.swift */,
				CAA46E9F2C8634BB009CE6FF /* networkStateViewController.swift */,
				CAA46E9D2C863067009CE6FF /* uploadReportViewController.swift */,
				CAA46E9B2C85E359009CE6FF /* localFeedViewController.swift */,
				CAA46E992C85E34D009CE6FF /* globalFeedViewController.swift */,
				CA2E8EF52C85746400FD70DF /* successRegisteredUserViewController.swift */,
				CA2E8EF12C855D5E00FD70DF /* createAccountUserViewController.swift */,
				CA2E8EEF2C855C7200FD70DF /* 2_1LoginExitosoViewController.swift */,
				CA2E8EE72C84105B00FD70DF /* 2LoginViewController.swift */,
				CA2E8EDC2C81848D00FD70DF /* Assets.xcassets */,
				CA2E8EDE2C81848D00FD70DF /* LaunchScreen.storyboard */,
				CA2E8EE12C81848D00FD70DF /* Info.plist */,
				CA2E8EE92C8410AB00FD70DF /* 1PaginaInicialViewController.swift */,
				CA2E8EF72C85751800FD70DF /* sucessRegisteredAdminViewController.swift */,
				CAA46E932C85791A009CE6FF /* selectionProject1ViewController.swift */,
				CAA46E952C857925009CE6FF /* selectionProject2ViewController.swift */,
				CAA46E972C857930009CE6FF /* selectionProject3ViewController.swift */,
			);
			path = SKILIKET_Team7;
			sourceTree = "<group>";
		};
/* End PBXGroup section */

/* Begin PBXNativeTarget section */
		CA2E8ECF2C81848C00FD70DF /* SKILIKET_Team7 */ = {
			isa = PBXNativeTarget;
			buildConfigurationList = CA2E8EE42C81848D00FD70DF /* Build configuration list for PBXNativeTarget "SKILIKET_Team7" */;
			buildPhases = (
				CA2E8ECC2C81848C00FD70DF /* Sources */,
				CA2E8ECD2C81848C00FD70DF /* Frameworks */,
				CA2E8ECE2C81848C00FD70DF /* Resources */,
			);
			buildRules = (
			);
			dependencies = (
			);
			name = SKILIKET_Team7;
			productName = SKILIKET_Team7;
			productReference = CA2E8ED02C81848C00FD70DF /* SKILIKET_Team7.app */;
			productType = "com.apple.product-type.application";
		};
/* End PBXNativeTarget section */

/* Begin PBXProject section */
		CA2E8EC82C81848C00FD70DF /* Project object */ = {
			isa = PBXProject;
			attributes = {
				BuildIndependentTargetsInParallel = 1;
				LastSwiftUpdateCheck = 1540;
				LastUpgradeCheck = 1540;
				TargetAttributes = {
					CA2E8ECF2C81848C00FD70DF = {
						CreatedOnToolsVersion = 15.4;
					};
				};
			};
			buildConfigurationList = CA2E8ECB2C81848C00FD70DF /* Build configuration list for PBXProject "SKILIKET_Team7" */;
			compatibilityVersion = "Xcode 14.0";
			developmentRegion = en;
			hasScannedForEncodings = 0;
			knownRegions = (
				en,
				Base,
			);
			mainGroup = CA2E8EC72C81848C00FD70DF;
			productRefGroup = CA2E8ED12C81848C00FD70DF /* Products */;
			projectDirPath = "";
			projectRoot = "";
			targets = (
				CA2E8ECF2C81848C00FD70DF /* SKILIKET_Team7 */,
			);
		};
/* End PBXProject section */

/* Begin PBXResourcesBuildPhase section */
		CA2E8ECE2C81848C00FD70DF /* Resources */ = {
			isa = PBXResourcesBuildPhase;
			buildActionMask = 2147483647;
			files = (
				CA2E8EDD2C81848D00FD70DF /* Assets.xcassets in Resources */,
				CA2E8EE02C81848D00FD70DF /* Base in Resources */,
				CA2E8EDB2C81848C00FD70DF /* Base in Resources */,
			);
			runOnlyForDeploymentPostprocessing = 0;
		};
/* End PBXResourcesBuildPhase section */

/* Begin PBXSourcesBuildPhase section */
		CA2E8ECC2C81848C00FD70DF /* Sources */ = {
			isa = PBXSourcesBuildPhase;
			buildActionMask = 2147483647;
			files = (
				CAA46EA42C8647D5009CE6FF /* openedProjectViewController.swift in Sources */,
				CA2E8ED82C81848C00FD70DF /* ViewController.swift in Sources */,
				CAA46E9A2C85E34D009CE6FF /* globalFeedViewController.swift in Sources */,
				CA2E8ED42C81848C00FD70DF /* AppDelegate.swift in Sources */,
				CA2E8EF82C85751800FD70DF /* sucessRegisteredAdminViewController.swift in Sources */,
				CA2E8EF42C85647900FD70DF /* createAccountAdminViewController.swift in Sources */,
				CAA46E982C857930009CE6FF /* selectionProject3ViewController.swift in Sources */,
				CAA46E9E2C863067009CE6FF /* uploadReportViewController.swift in Sources */,
				CA2E8ED62C81848C00FD70DF /* SceneDelegate.swift in Sources */,
				CA2E8EE82C84105B00FD70DF /* 2LoginViewController.swift in Sources */,
				CAA46EA02C8634BB009CE6FF /* networkStateViewController.swift in Sources */,
				CA8C98A42C869C89000B96A3 /* ProjectAdminViewController.swift in Sources */,
				CAA46E962C857925009CE6FF /* selectionProject2ViewController.swift in Sources */,
				CA8C98A62C869D00000B96A3 /* ProjectUserViewController.swift in Sources */,
				CAA46EA62C864DD7009CE6FF /* openedProject2ViewController.swift in Sources */,
				CA2E8EEA2C8410AB00FD70DF /* 1PaginaInicialViewController.swift in Sources */,
				CAA46E942C85791A009CE6FF /* selectionProject1ViewController.swift in Sources */,
				CAA46EA22C8638C7009CE6FF /* userProfileViewController.swift in Sources */,
				CA2E8EF02C855C7200FD70DF /* 2_1LoginExitosoViewController.swift in Sources */,
				CA8C98A82C869F20000B96A3 /* addProjectAdminViewController.swift in Sources */,
				CA2E8EF22C855D5E00FD70DF /* createAccountUserViewController.swift in Sources */,
				CA2E8EF62C85746400FD70DF /* successRegisteredUserViewController.swift in Sources */,
				CAA46E9C2C85E359009CE6FF /* localFeedViewController.swift in Sources */,
			);
			runOnlyForDeploymentPostprocessing = 0;
		};
/* End PBXSourcesBuildPhase section */

/* Begin PBXVariantGroup section */
		CA2E8ED92C81848C00FD70DF /* Main.storyboard */ = {
			isa = PBXVariantGroup;
			children = (
				CA2E8EDA2C81848C00FD70DF /* Base */,
			);
			name = Main.storyboard;
			sourceTree = "<group>";
		};
		CA2E8EDE2C81848D00FD70DF /* LaunchScreen.storyboard */ = {
			isa = PBXVariantGroup;
			children = (
				CA2E8EDF2C81848D00FD70DF /* Base */,
			);
			name = LaunchScreen.storyboard;
			sourceTree = "<group>";
		};
/* End PBXVariantGroup section */

/* Begin XCBuildConfiguration section */
		CA2E8EE22C81848D00FD70DF /* Debug */ = {
			isa = XCBuildConfiguration;
			buildSettings = {
				ALWAYS_SEARCH_USER_PATHS = NO;
				ASSETCATALOG_COMPILER_GENERATE_SWIFT_ASSET_SYMBOL_EXTENSIONS = YES;
				CLANG_ANALYZER_NONNULL = YES;
				CLANG_ANALYZER_NUMBER_OBJECT_CONVERSION = YES_AGGRESSIVE;
				CLANG_CXX_LANGUAGE_STANDARD = "gnu++20";
				CLANG_ENABLE_MODULES = YES;
				CLANG_ENABLE_OBJC_ARC = YES;
				CLANG_ENABLE_OBJC_WEAK = YES;
				CLANG_WARN_BLOCK_CAPTURE_AUTORELEASING = YES;
				CLANG_WARN_BOOL_CONVERSION = YES;
				CLANG_WARN_COMMA = YES;
				CLANG_WARN_CONSTANT_CONVERSION = YES;
				CLANG_WARN_DEPRECATED_OBJC_IMPLEMENTATIONS = YES;
				CLANG_WARN_DIRECT_OBJC_ISA_USAGE = YES_ERROR;
				CLANG_WARN_DOCUMENTATION_COMMENTS = YES;
				CLANG_WARN_EMPTY_BODY = YES;
				CLANG_WARN_ENUM_CONVERSION = YES;
				CLANG_WARN_INFINITE_RECURSION = YES;
				CLANG_WARN_INT_CONVERSION = YES;
				CLANG_WARN_NON_LITERAL_NULL_CONVERSION = YES;
				CLANG_WARN_OBJC_IMPLICIT_RETAIN_SELF = YES;
				CLANG_WARN_OBJC_LITERAL_CONVERSION = YES;
				CLANG_WARN_OBJC_ROOT_CLASS = YES_ERROR;
				CLANG_WARN_QUOTED_INCLUDE_IN_FRAMEWORK_HEADER = YES;
				CLANG_WARN_RANGE_LOOP_ANALYSIS = YES;
				CLANG_WARN_STRICT_PROTOTYPES = YES;
				CLANG_WARN_SUSPICIOUS_MOVE = YES;
				CLANG_WARN_UNGUARDED_AVAILABILITY = YES_AGGRESSIVE;
				CLANG_WARN_UNREACHABLE_CODE = YES;
				CLANG_WARN__DUPLICATE_METHOD_MATCH = YES;
				COPY_PHASE_STRIP = NO;
				DEBUG_INFORMATION_FORMAT = dwarf;
				ENABLE_STRICT_OBJC_MSGSEND = YES;
				ENABLE_TESTABILITY = YES;
				ENABLE_USER_SCRIPT_SANDBOXING = YES;
				GCC_C_LANGUAGE_STANDARD = gnu17;
				GCC_DYNAMIC_NO_PIC = NO;
				GCC_NO_COMMON_BLOCKS = YES;
				GCC_OPTIMIZATION_LEVEL = 0;
				GCC_PREPROCESSOR_DEFINITIONS = (
					"DEBUG=1",
					"$(inherited)",
				);
				GCC_WARN_64_TO_32_BIT_CONVERSION = YES;
				GCC_WARN_ABOUT_RETURN_TYPE = YES_ERROR;
				GCC_WARN_UNDECLARED_SELECTOR = YES;
				GCC_WARN_UNINITIALIZED_AUTOS = YES_AGGRESSIVE;
				GCC_WARN_UNUSED_FUNCTION = YES;
				GCC_WARN_UNUSED_VARIABLE = YES;
				IPHONEOS_DEPLOYMENT_TARGET = 17.5;
				LOCALIZATION_PREFERS_STRING_CATALOGS = YES;
				MTL_ENABLE_DEBUG_INFO = INCLUDE_SOURCE;
				MTL_FAST_MATH = YES;
				ONLY_ACTIVE_ARCH = YES;
				SDKROOT = iphoneos;
				SWIFT_ACTIVE_COMPILATION_CONDITIONS = "DEBUG $(inherited)";
				SWIFT_OPTIMIZATION_LEVEL = "-Onone";
			};
			name = Debug;
		};
		CA2E8EE32C81848D00FD70DF /* Release */ = {
			isa = XCBuildConfiguration;
			buildSettings = {
				ALWAYS_SEARCH_USER_PATHS = NO;
				ASSETCATALOG_COMPILER_GENERATE_SWIFT_ASSET_SYMBOL_EXTENSIONS = YES;
				CLANG_ANALYZER_NONNULL = YES;
				CLANG_ANALYZER_NUMBER_OBJECT_CONVERSION = YES_AGGRESSIVE;
				CLANG_CXX_LANGUAGE_STANDARD = "gnu++20";
				CLANG_ENABLE_MODULES = YES;
				CLANG_ENABLE_OBJC_ARC = YES;
				CLANG_ENABLE_OBJC_WEAK = YES;
				CLANG_WARN_BLOCK_CAPTURE_AUTORELEASING = YES;
				CLANG_WARN_BOOL_CONVERSION = YES;
				CLANG_WARN_COMMA = YES;
				CLANG_WARN_CONSTANT_CONVERSION = YES;
				CLANG_WARN_DEPRECATED_OBJC_IMPLEMENTATIONS = YES;
				CLANG_WARN_DIRECT_OBJC_ISA_USAGE = YES_ERROR;
				CLANG_WARN_DOCUMENTATION_COMMENTS = YES;
				CLANG_WARN_EMPTY_BODY = YES;
				CLANG_WARN_ENUM_CONVERSION = YES;
				CLANG_WARN_INFINITE_RECURSION = YES;
				CLANG_WARN_INT_CONVERSION = YES;
				CLANG_WARN_NON_LITERAL_NULL_CONVERSION = YES;
				CLANG_WARN_OBJC_IMPLICIT_RETAIN_SELF = YES;
				CLANG_WARN_OBJC_LITERAL_CONVERSION = YES;
				CLANG_WARN_OBJC_ROOT_CLASS = YES_ERROR;
				CLANG_WARN_QUOTED_INCLUDE_IN_FRAMEWORK_HEADER = YES;
				CLANG_WARN_RANGE_LOOP_ANALYSIS = YES;
				CLANG_WARN_STRICT_PROTOTYPES = YES;
				CLANG_WARN_SUSPICIOUS_MOVE = YES;
				CLANG_WARN_UNGUARDED_AVAILABILITY = YES_AGGRESSIVE;
				CLANG_WARN_UNREACHABLE_CODE = YES;
				CLANG_WARN__DUPLICATE_METHOD_MATCH = YES;
				COPY_PHASE_STRIP = NO;
				DEBUG_INFORMATION_FORMAT = "dwarf-with-dsym";
				ENABLE_NS_ASSERTIONS = NO;
				ENABLE_STRICT_OBJC_MSGSEND = YES;
				ENABLE_USER_SCRIPT_SANDBOXING = YES;
				GCC_C_LANGUAGE_STANDARD = gnu17;
				GCC_NO_COMMON_BLOCKS = YES;
				GCC_WARN_64_TO_32_BIT_CONVERSION = YES;
				GCC_WARN_ABOUT_RETURN_TYPE = YES_ERROR;
				GCC_WARN_UNDECLARED_SELECTOR = YES;
				GCC_WARN_UNINITIALIZED_AUTOS = YES_AGGRESSIVE;
				GCC_WARN_UNUSED_FUNCTION = YES;
				GCC_WARN_UNUSED_VARIABLE = YES;
				IPHONEOS_DEPLOYMENT_TARGET = 17.5;
				LOCALIZATION_PREFERS_STRING_CATALOGS = YES;
				MTL_ENABLE_DEBUG_INFO = NO;
				MTL_FAST_MATH = YES;
				SDKROOT = iphoneos;
				SWIFT_COMPILATION_MODE = wholemodule;
				VALIDATE_PRODUCT = YES;
			};
			name = Release;
		};
		CA2E8EE52C81848D00FD70DF /* Debug */ = {
			isa = XCBuildConfiguration;
			buildSettings = {
				ASSETCATALOG_COMPILER_APPICON_NAME = AppIcon;
				ASSETCATALOG_COMPILER_GLOBAL_ACCENT_COLOR_NAME = AccentColor;
				CODE_SIGN_STYLE = Automatic;
				CURRENT_PROJECT_VERSION = 1;
				DEVELOPMENT_TEAM = 8R863DUX5M;
				GENERATE_INFOPLIST_FILE = YES;
				INFOPLIST_FILE = SKILIKET_Team7/Info.plist;
				INFOPLIST_KEY_UIApplicationSupportsIndirectInputEvents = YES;
				INFOPLIST_KEY_UILaunchStoryboardName = LaunchScreen;
				INFOPLIST_KEY_UIMainStoryboardFile = Main;
				INFOPLIST_KEY_UISupportedInterfaceOrientations_iPad = "UIInterfaceOrientationPortrait UIInterfaceOrientationPortraitUpsideDown UIInterfaceOrientationLandscapeLeft UIInterfaceOrientationLandscapeRight";
				INFOPLIST_KEY_UISupportedInterfaceOrientations_iPhone = "UIInterfaceOrientationPortrait UIInterfaceOrientationLandscapeLeft UIInterfaceOrientationLandscapeRight";
				LD_RUNPATH_SEARCH_PATHS = (
					"$(inherited)",
					"@executable_path/Frameworks",
				);
				MARKETING_VERSION = 1.0;
				PRODUCT_BUNDLE_IDENTIFIER = "TEC.SKILIKET-Team7";
				PRODUCT_NAME = "$(TARGET_NAME)";
				SWIFT_EMIT_LOC_STRINGS = YES;
				SWIFT_VERSION = 5.0;
				TARGETED_DEVICE_FAMILY = "1,2";
			};
			name = Debug;
		};
		CA2E8EE62C81848D00FD70DF /* Release */ = {
			isa = XCBuildConfiguration;
			buildSettings = {
				ASSETCATALOG_COMPILER_APPICON_NAME = AppIcon;
				ASSETCATALOG_COMPILER_GLOBAL_ACCENT_COLOR_NAME = AccentColor;
				CODE_SIGN_STYLE = Automatic;
				CURRENT_PROJECT_VERSION = 1;
				DEVELOPMENT_TEAM = 8R863DUX5M;
				GENERATE_INFOPLIST_FILE = YES;
				INFOPLIST_FILE = SKILIKET_Team7/Info.plist;
				INFOPLIST_KEY_UIApplicationSupportsIndirectInputEvents = YES;
				INFOPLIST_KEY_UILaunchStoryboardName = LaunchScreen;
				INFOPLIST_KEY_UIMainStoryboardFile = Main;
				INFOPLIST_KEY_UISupportedInterfaceOrientations_iPad = "UIInterfaceOrientationPortrait UIInterfaceOrientationPortraitUpsideDown UIInterfaceOrientationLandscapeLeft UIInterfaceOrientationLandscapeRight";
				INFOPLIST_KEY_UISupportedInterfaceOrientations_iPhone = "UIInterfaceOrientationPortrait UIInterfaceOrientationLandscapeLeft UIInterfaceOrientationLandscapeRight";
				LD_RUNPATH_SEARCH_PATHS = (
					"$(inherited)",
					"@executable_path/Frameworks",
				);
				MARKETING_VERSION = 1.0;
				PRODUCT_BUNDLE_IDENTIFIER = "TEC.SKILIKET-Team7";
				PRODUCT_NAME = "$(TARGET_NAME)";
				SWIFT_EMIT_LOC_STRINGS = YES;
				SWIFT_VERSION = 5.0;
				TARGETED_DEVICE_FAMILY = "1,2";
			};
			name = Release;
		};
/* End XCBuildConfiguration section */

/* Begin XCConfigurationList section */
		CA2E8ECB2C81848C00FD70DF /* Build configuration list for PBXProject "SKILIKET_Team7" */ = {
			isa = XCConfigurationList;
			buildConfigurations = (
				CA2E8EE22C81848D00FD70DF /* Debug */,
				CA2E8EE32C81848D00FD70DF /* Release */,
			);
			defaultConfigurationIsVisible = 0;
			defaultConfigurationName = Release;
		};
		CA2E8EE42C81848D00FD70DF /* Build configuration list for PBXNativeTarget "SKILIKET_Team7" */ = {
			isa = XCConfigurationList;
			buildConfigurations = (
				CA2E8EE52C81848D00FD70DF /* Debug */,
				CA2E8EE62C81848D00FD70DF /* Release */,
			);
			defaultConfigurationIsVisible = 0;
			defaultConfigurationName = Release;
		};
/* End XCConfigurationList section */
	};
	rootObject = CA2E8EC82C81848C00FD70DF /* Project object */;
}
